PODS:
  - SwiftKeychainWrapper (3.0.1)

DEPENDENCIES:
  - SwiftKeychainWrapper

SPEC REPOS:
  https://github.com/cocoapods/specs.git:
    - SwiftKeychainWrapper

SPEC CHECKSUMS:
  SwiftKeychainWrapper: 38952a3636320ae61bad3513cadd870929de7a4a

PODFILE CHECKSUM: 7b67d77ecf4a7a4badbc94d2261bebdb89816d20

COCOAPODS: 1.5.3
