// !$*UTF8*$!
{
	archiveVersion = 1;
	classes = {
	};
	objectVersion = 51;
	objects = {

/* Begin PBXBuildFile section */
		1100DBD122CCE9020022E653 /* ProfileTabViewController.swift in Sources */ = {isa = PBXBuildFile; fileRef = 1100DBD022CCE9020022E653 /* ProfileTabViewController.swift */; };
		1100DBD322CCF06F0022E653 /* GalleryRootViewController.swift in Sources */ = {isa = PBXBuildFile; fileRef = 1100DBD222CCF06F0022E653 /* GalleryRootViewController.swift */; };
		110600B323DACD1600752E06 /* NetworkImagePresenter.swift in Sources */ = {isa = PBXBuildFile; fileRef = 110600B223DACD1600752E06 /* NetworkImagePresenter.swift */; };
		110600B523DAEF8D00752E06 /* RoundedImageCollectionViewCell.swift in Sources */ = {isa = PBXBuildFile; fileRef = 110600B423DAEF8D00752E06 /* RoundedImageCollectionViewCell.swift */; };
		110600B723DAF77600752E06 /* LoadingFooterPresenter.swift in Sources */ = {isa = PBXBuildFile; fileRef = 110600B623DAF77600752E06 /* LoadingFooterPresenter.swift */; };
		1107BD7C23CE0F0B00B875A5 /* FullScreenPhotosViewController.swift in Sources */ = {isa = PBXBuildFile; fileRef = 1107BD7B23CE0F0B00B875A5 /* FullScreenPhotosViewController.swift */; };
		110E389422CF1E4D007C0933 /* ProfileTableViewController.swift in Sources */ = {isa = PBXBuildFile; fileRef = 110E389322CF1E4D007C0933 /* ProfileTableViewController.swift */; };
		1118E7A723D7B0D40039B3AA /* CollectionOfPhotosCollectionViewCell.swift in Sources */ = {isa = PBXBuildFile; fileRef = 11A2221223D76BF500D8706C /* CollectionOfPhotosCollectionViewCell.swift */; };
		1122B83223C9CD5A00916022 /* PhotosModelController.swift in Sources */ = {isa = PBXBuildFile; fileRef = 1122B83123C9CD5A00916022 /* PhotosModelController.swift */; };
		112D8B8D23D8AB1F00FF8805 /* CollectionsOfPhotosFlowController.swift in Sources */ = {isa = PBXBuildFile; fileRef = 112D8B8C23D8AB1F00FF8805 /* CollectionsOfPhotosFlowController.swift */; };
		11300CEB23D594E400FC4912 /* TilesPhotosViewController.swift in Sources */ = {isa = PBXBuildFile; fileRef = 11300CEA23D594E300FC4912 /* TilesPhotosViewController.swift */; };
		11300CED23D594F100FC4912 /* PhotosBaseViewController.swift in Sources */ = {isa = PBXBuildFile; fileRef = 11300CEC23D594F100FC4912 /* PhotosBaseViewController.swift */; };
		11300CEF23D5C84000FC4912 /* UnsplashItemsLoadingObserver.swift in Sources */ = {isa = PBXBuildFile; fileRef = 11300CEE23D5C84000FC4912 /* UnsplashItemsLoadingObserver.swift */; };
		11300CF123D5CD9200FC4912 /* PhotosFlowController.swift in Sources */ = {isa = PBXBuildFile; fileRef = 11300CF023D5CD9200FC4912 /* PhotosFlowController.swift */; };
		11300CF323D61EAD00FC4912 /* ProfileTab.storyboard in Resources */ = {isa = PBXBuildFile; fileRef = 11300CF223D61EAC00FC4912 /* ProfileTab.storyboard */; };
		11364EE723956E7400A0C334 /* README.md in Resources */ = {isa = PBXBuildFile; fileRef = 11364EE623956E7400A0C334 /* README.md */; };
		114300F523D9C12B0088A887 /* UnsplashItemsModelController.swift in Sources */ = {isa = PBXBuildFile; fileRef = 114300F423D9C12B0088A887 /* UnsplashItemsModelController.swift */; };
		1151C6F422D7276100F3B657 /* UIStoryboard.swift in Sources */ = {isa = PBXBuildFile; fileRef = 1151C6F322D7276100F3B657 /* UIStoryboard.swift */; };
		11645CD323D85925001FFCE3 /* CollectionsOfPhotosModelController.swift in Sources */ = {isa = PBXBuildFile; fileRef = 11645CD223D85925001FFCE3 /* CollectionsOfPhotosModelController.swift */; };
		11645CD523D88088001FFCE3 /* CollectionsOfPhotosCollectionViewLayout.swift in Sources */ = {isa = PBXBuildFile; fileRef = 11645CD423D88088001FFCE3 /* CollectionsOfPhotosCollectionViewLayout.swift */; };
		11645CD623D882B4001FFCE3 /* CollectionsOfPhotosViewController.swift in Sources */ = {isa = PBXBuildFile; fileRef = 11A2221323D76BF500D8706C /* CollectionsOfPhotosViewController.swift */; };
		119172E823CB721C00DEFCB3 /* FullScreenPhotosCollectionViewLayout.swift in Sources */ = {isa = PBXBuildFile; fileRef = 119172E723CB721C00DEFCB3 /* FullScreenPhotosCollectionViewLayout.swift */; };
		1191740F23D36E2800BE1214 /* NetworkService.swift in Sources */ = {isa = PBXBuildFile; fileRef = 1191740C23D36E2800BE1214 /* NetworkService.swift */; };
		1191741023D36E2800BE1214 /* AuthenticationController.swift in Sources */ = {isa = PBXBuildFile; fileRef = 1191740D23D36E2800BE1214 /* AuthenticationController.swift */; };
		1191741123D36E2800BE1214 /* PaginalContentLoader.swift in Sources */ = {isa = PBXBuildFile; fileRef = 1191740E23D36E2800BE1214 /* PaginalContentLoader.swift */; };
		1191741A23D36E3700BE1214 /* EditUserRequest.swift in Sources */ = {isa = PBXBuildFile; fileRef = 1191741223D36E3700BE1214 /* EditUserRequest.swift */; };
		1191741B23D36E3700BE1214 /* UnsplashAccessTokenRequest.swift in Sources */ = {isa = PBXBuildFile; fileRef = 1191741323D36E3700BE1214 /* UnsplashAccessTokenRequest.swift */; };
		1191741C23D36E3700BE1214 /* PhotoListRequest.swift in Sources */ = {isa = PBXBuildFile; fileRef = 1191741423D36E3700BE1214 /* PhotoListRequest.swift */; };
		1191741D23D36E3700BE1214 /* PhotoCollectionListRequest.swift in Sources */ = {isa = PBXBuildFile; fileRef = 1191741523D36E3700BE1214 /* PhotoCollectionListRequest.swift */; };
		1191741E23D36E3700BE1214 /* UserRequest.swift in Sources */ = {isa = PBXBuildFile; fileRef = 1191741623D36E3700BE1214 /* UserRequest.swift */; };
		1191741F23D36E3700BE1214 /* ImageRequest.swift in Sources */ = {isa = PBXBuildFile; fileRef = 1191741723D36E3700BE1214 /* ImageRequest.swift */; };
		1191742023D36E3700BE1214 /* TogglePhotoLikeRequest.swift in Sources */ = {isa = PBXBuildFile; fileRef = 1191741823D36E3700BE1214 /* TogglePhotoLikeRequest.swift */; };
		1191742123D36E3700BE1214 /* PagesNumberRequest.swift in Sources */ = {isa = PBXBuildFile; fileRef = 1191741923D36E3700BE1214 /* PagesNumberRequest.swift */; };
		1191742723D36E8400BE1214 /* AuthenticationStateProvider.swift in Sources */ = {isa = PBXBuildFile; fileRef = 1191742223D36E8300BE1214 /* AuthenticationStateProvider.swift */; };
		1191742823D36E8400BE1214 /* NetworkRequest.swift in Sources */ = {isa = PBXBuildFile; fileRef = 1191742323D36E8300BE1214 /* NetworkRequest.swift */; };
		1191742923D36E8400BE1214 /* UnsplashRequest.swift in Sources */ = {isa = PBXBuildFile; fileRef = 1191742423D36E8300BE1214 /* UnsplashRequest.swift */; };
		1191742A23D36E8400BE1214 /* AuthenticationObserver.swift in Sources */ = {isa = PBXBuildFile; fileRef = 1191742523D36E8400BE1214 /* AuthenticationObserver.swift */; };
		1191742B23D36E8400BE1214 /* PaginalRequest.swift in Sources */ = {isa = PBXBuildFile; fileRef = 1191742623D36E8400BE1214 /* PaginalRequest.swift */; };
		1191744623D36EF300BE1214 /* SearchPhotoCollectionsResult.swift in Sources */ = {isa = PBXBuildFile; fileRef = 1191743D23D36EF200BE1214 /* SearchPhotoCollectionsResult.swift */; };
		1191744723D36EF300BE1214 /* User.swift in Sources */ = {isa = PBXBuildFile; fileRef = 1191743E23D36EF200BE1214 /* User.swift */; };
		1191744823D36EF300BE1214 /* Photo.swift in Sources */ = {isa = PBXBuildFile; fileRef = 1191743F23D36EF200BE1214 /* Photo.swift */; };
		1191744923D36EF300BE1214 /* RequestError.swift in Sources */ = {isa = PBXBuildFile; fileRef = 1191744023D36EF200BE1214 /* RequestError.swift */; };
		1191744A23D36EF300BE1214 /* SearchPhotosResult.swift in Sources */ = {isa = PBXBuildFile; fileRef = 1191744123D36EF200BE1214 /* SearchPhotosResult.swift */; };
		1191744B23D36EF300BE1214 /* UnsplashAPI.swift in Sources */ = {isa = PBXBuildFile; fileRef = 1191744223D36EF300BE1214 /* UnsplashAPI.swift */; };
		1191744C23D36EF300BE1214 /* AuthenticatedUserData.swift in Sources */ = {isa = PBXBuildFile; fileRef = 1191744323D36EF300BE1214 /* AuthenticatedUserData.swift */; };
		1191744D23D36EF300BE1214 /* EditableUserData.swift in Sources */ = {isa = PBXBuildFile; fileRef = 1191744423D36EF300BE1214 /* EditableUserData.swift */; };
		1191744E23D36EF300BE1214 /* PhotoCollection.swift in Sources */ = {isa = PBXBuildFile; fileRef = 1191744523D36EF300BE1214 /* PhotoCollection.swift */; };
		11A2220E23D7235600D8706C /* NibLoadableView.swift in Sources */ = {isa = PBXBuildFile; fileRef = 11A2220D23D7235600D8706C /* NibLoadableView.swift */; };
		11B488DE23D9CB220004DFB4 /* CollectionsOfPhotosDataSource.swift in Sources */ = {isa = PBXBuildFile; fileRef = 11B488DD23D9CB220004DFB4 /* CollectionsOfPhotosDataSource.swift */; };
		11D9B80323CE123700C35060 /* PhotosDataSource.swift in Sources */ = {isa = PBXBuildFile; fileRef = 11D9B80223CE123700C35060 /* PhotosDataSource.swift */; };
		11E626D523CE1B20003BCE4F /* FullScreenCollectionViewCell.swift in Sources */ = {isa = PBXBuildFile; fileRef = 11E626D423CE1B20003BCE4F /* FullScreenCollectionViewCell.swift */; };
		11FD5CC622DCE4C400840D01 /* EditProfileViewController.swift in Sources */ = {isa = PBXBuildFile; fileRef = 11FD5CC522DCE4C400840D01 /* EditProfileViewController.swift */; };
		11FD5CC822DCEBC600840D01 /* UITableView+extension.swift in Sources */ = {isa = PBXBuildFile; fileRef = 11FD5CC722DCEBC600840D01 /* UITableView+extension.swift */; };
		11FD5CCA22DDB02600840D01 /* EditProfileTableViewCell.swift in Sources */ = {isa = PBXBuildFile; fileRef = 11FD5CC922DDB02600840D01 /* EditProfileTableViewCell.swift */; };
		3D5FB29E21B7DB1D0095EE9A /* UIBarButtonItem.swift in Sources */ = {isa = PBXBuildFile; fileRef = 3D5FB29D21B7DB1D0095EE9A /* UIBarButtonItem.swift */; };
		3D638F40212AAC5A00386C4F /* UIViewController.swift in Sources */ = {isa = PBXBuildFile; fileRef = 3D638F3F212AAC5A00386C4F /* UIViewController.swift */; };
		3D772C6720B8E93F00F3DC48 /* AppDelegate.swift in Sources */ = {isa = PBXBuildFile; fileRef = 3D772C6620B8E93F00F3DC48 /* AppDelegate.swift */; };
		3D772C6E20B8E94200F3DC48 /* Assets.xcassets in Resources */ = {isa = PBXBuildFile; fileRef = 3D772C6D20B8E94200F3DC48 /* Assets.xcassets */; };
		3D772C7120B8E94200F3DC48 /* LaunchScreen.storyboard in Resources */ = {isa = PBXBuildFile; fileRef = 3D772C6F20B8E94200F3DC48 /* LaunchScreen.storyboard */; };
		3D772CA920B8EA2E00F3DC48 /* ImageCollectionViewCell.swift in Sources */ = {isa = PBXBuildFile; fileRef = 3D772CA820B8EA2E00F3DC48 /* ImageCollectionViewCell.swift */; };
		3D772CAF20B8EA4200F3DC48 /* StringIdentifiable.swift in Sources */ = {isa = PBXBuildFile; fileRef = 3D772CAE20B8EA4200F3DC48 /* StringIdentifiable.swift */; };
		3D9C6D08217A6C3F00D59D36 /* TilesCollectionViewLayout.swift in Sources */ = {isa = PBXBuildFile; fileRef = 3D9C6D07217A6C3F00D59D36 /* TilesCollectionViewLayout.swift */; };
		3D9C6D0A217A793500D59D36 /* TilesLayoutFrameCalculator.swift in Sources */ = {isa = PBXBuildFile; fileRef = 3D9C6D09217A793500D59D36 /* TilesLayoutFrameCalculator.swift */; };
		3DBC2C5221E019EA004DE7F1 /* UIColor.swift in Sources */ = {isa = PBXBuildFile; fileRef = 3DBC2C5121E019EA004DE7F1 /* UIColor.swift */; };
		3DCDB58220B9E43A006297A4 /* UICollectionView.swift in Sources */ = {isa = PBXBuildFile; fileRef = 3DCDB58120B9E439006297A4 /* UICollectionView.swift */; };
		3DCDB58420B9ED66006297A4 /* CollectionViewLoadingFooter.swift in Sources */ = {isa = PBXBuildFile; fileRef = 3DCDB58320B9ED66006297A4 /* CollectionViewLoadingFooter.swift */; };
		3DCDB58620B9F625006297A4 /* SegueHandlerType.swift in Sources */ = {isa = PBXBuildFile; fileRef = 3DCDB58520B9F624006297A4 /* SegueHandlerType.swift */; };
		D3132FF43DB7EF63D8689271 /* Pods_Gallery.framework in Frameworks */ = {isa = PBXBuildFile; fileRef = 97636FD1D002A864623F06DF /* Pods_Gallery.framework */; };
/* End PBXBuildFile section */

/* Begin PBXFileReference section */
		01925D8A1577130F806ABC43 /* Pods-Gallery.debug.xcconfig */ = {isa = PBXFileReference; includeInIndex = 1; lastKnownFileType = text.xcconfig; name = "Pods-Gallery.debug.xcconfig"; path = "Pods/Target Support Files/Pods-Gallery/Pods-Gallery.debug.xcconfig"; sourceTree = "<group>"; };
		1100DBD022CCE9020022E653 /* ProfileTabViewController.swift */ = {isa = PBXFileReference; lastKnownFileType = sourcecode.swift; path = ProfileTabViewController.swift; sourceTree = "<group>"; };
		1100DBD222CCF06F0022E653 /* GalleryRootViewController.swift */ = {isa = PBXFileReference; lastKnownFileType = sourcecode.swift; path = GalleryRootViewController.swift; sourceTree = "<group>"; };
		110600B223DACD1600752E06 /* NetworkImagePresenter.swift */ = {isa = PBXFileReference; lastKnownFileType = sourcecode.swift; path = NetworkImagePresenter.swift; sourceTree = "<group>"; };
		110600B423DAEF8D00752E06 /* RoundedImageCollectionViewCell.swift */ = {isa = PBXFileReference; lastKnownFileType = sourcecode.swift; path = RoundedImageCollectionViewCell.swift; sourceTree = "<group>"; };
		110600B623DAF77600752E06 /* LoadingFooterPresenter.swift */ = {isa = PBXFileReference; lastKnownFileType = sourcecode.swift; path = LoadingFooterPresenter.swift; sourceTree = "<group>"; };
		1107BD7B23CE0F0B00B875A5 /* FullScreenPhotosViewController.swift */ = {isa = PBXFileReference; lastKnownFileType = sourcecode.swift; path = FullScreenPhotosViewController.swift; sourceTree = "<group>"; };
		110E389322CF1E4D007C0933 /* ProfileTableViewController.swift */ = {isa = PBXFileReference; lastKnownFileType = sourcecode.swift; path = ProfileTableViewController.swift; sourceTree = "<group>"; };
		1122B83123C9CD5A00916022 /* PhotosModelController.swift */ = {isa = PBXFileReference; lastKnownFileType = sourcecode.swift; path = PhotosModelController.swift; sourceTree = "<group>"; };
		112D8B8C23D8AB1F00FF8805 /* CollectionsOfPhotosFlowController.swift */ = {isa = PBXFileReference; lastKnownFileType = sourcecode.swift; path = CollectionsOfPhotosFlowController.swift; sourceTree = "<group>"; };
		11300CEA23D594E300FC4912 /* TilesPhotosViewController.swift */ = {isa = PBXFileReference; fileEncoding = 4; lastKnownFileType = sourcecode.swift; path = TilesPhotosViewController.swift; sourceTree = "<group>"; };
		11300CEC23D594F100FC4912 /* PhotosBaseViewController.swift */ = {isa = PBXFileReference; fileEncoding = 4; lastKnownFileType = sourcecode.swift; path = PhotosBaseViewController.swift; sourceTree = "<group>"; };
		11300CEE23D5C84000FC4912 /* UnsplashItemsLoadingObserver.swift */ = {isa = PBXFileReference; lastKnownFileType = sourcecode.swift; path = UnsplashItemsLoadingObserver.swift; sourceTree = "<group>"; };
		11300CF023D5CD9200FC4912 /* PhotosFlowController.swift */ = {isa = PBXFileReference; lastKnownFileType = sourcecode.swift; path = PhotosFlowController.swift; sourceTree = "<group>"; };
		11300CF223D61EAC00FC4912 /* ProfileTab.storyboard */ = {isa = PBXFileReference; fileEncoding = 4; lastKnownFileType = file.storyboard; path = ProfileTab.storyboard; sourceTree = "<group>"; };
		11364EE623956E7400A0C334 /* README.md */ = {isa = PBXFileReference; fileEncoding = 4; lastKnownFileType = net.daringfireball.markdown; path = README.md; sourceTree = "<group>"; };
		114300F423D9C12B0088A887 /* UnsplashItemsModelController.swift */ = {isa = PBXFileReference; lastKnownFileType = sourcecode.swift; path = UnsplashItemsModelController.swift; sourceTree = "<group>"; };
		1151C6F322D7276100F3B657 /* UIStoryboard.swift */ = {isa = PBXFileReference; fileEncoding = 4; lastKnownFileType = sourcecode.swift; path = UIStoryboard.swift; sourceTree = "<group>"; };
		11645CD223D85925001FFCE3 /* CollectionsOfPhotosModelController.swift */ = {isa = PBXFileReference; lastKnownFileType = sourcecode.swift; path = CollectionsOfPhotosModelController.swift; sourceTree = "<group>"; };
		11645CD423D88088001FFCE3 /* CollectionsOfPhotosCollectionViewLayout.swift */ = {isa = PBXFileReference; lastKnownFileType = sourcecode.swift; path = CollectionsOfPhotosCollectionViewLayout.swift; sourceTree = "<group>"; };
		119172E723CB721C00DEFCB3 /* FullScreenPhotosCollectionViewLayout.swift */ = {isa = PBXFileReference; lastKnownFileType = sourcecode.swift; path = FullScreenPhotosCollectionViewLayout.swift; sourceTree = "<group>"; };
		1191740C23D36E2800BE1214 /* NetworkService.swift */ = {isa = PBXFileReference; fileEncoding = 4; lastKnownFileType = sourcecode.swift; name = NetworkService.swift; path = "Gallery/Network objects/Controllers/NetworkService.swift"; sourceTree = SOURCE_ROOT; };
		1191740D23D36E2800BE1214 /* AuthenticationController.swift */ = {isa = PBXFileReference; fileEncoding = 4; lastKnownFileType = sourcecode.swift; name = AuthenticationController.swift; path = "Gallery/Network objects/Controllers/AuthenticationController.swift"; sourceTree = SOURCE_ROOT; };
		1191740E23D36E2800BE1214 /* PaginalContentLoader.swift */ = {isa = PBXFileReference; fileEncoding = 4; lastKnownFileType = sourcecode.swift; name = PaginalContentLoader.swift; path = "Gallery/Network objects/Controllers/PaginalContentLoader.swift"; sourceTree = SOURCE_ROOT; };
		1191741223D36E3700BE1214 /* EditUserRequest.swift */ = {isa = PBXFileReference; fileEncoding = 4; lastKnownFileType = sourcecode.swift; name = EditUserRequest.swift; path = "Gallery/Network objects/Requests/EditUserRequest.swift"; sourceTree = SOURCE_ROOT; };
		1191741323D36E3700BE1214 /* UnsplashAccessTokenRequest.swift */ = {isa = PBXFileReference; fileEncoding = 4; lastKnownFileType = sourcecode.swift; name = UnsplashAccessTokenRequest.swift; path = "Gallery/Network objects/Requests/UnsplashAccessTokenRequest.swift"; sourceTree = SOURCE_ROOT; };
		1191741423D36E3700BE1214 /* PhotoListRequest.swift */ = {isa = PBXFileReference; fileEncoding = 4; lastKnownFileType = sourcecode.swift; name = PhotoListRequest.swift; path = "Gallery/Network objects/Requests/PhotoListRequest.swift"; sourceTree = SOURCE_ROOT; };
		1191741523D36E3700BE1214 /* PhotoCollectionListRequest.swift */ = {isa = PBXFileReference; fileEncoding = 4; lastKnownFileType = sourcecode.swift; name = PhotoCollectionListRequest.swift; path = "Gallery/Network objects/Requests/PhotoCollectionListRequest.swift"; sourceTree = SOURCE_ROOT; };
		1191741623D36E3700BE1214 /* UserRequest.swift */ = {isa = PBXFileReference; fileEncoding = 4; lastKnownFileType = sourcecode.swift; name = UserRequest.swift; path = "Gallery/Network objects/Requests/UserRequest.swift"; sourceTree = SOURCE_ROOT; };
		1191741723D36E3700BE1214 /* ImageRequest.swift */ = {isa = PBXFileReference; fileEncoding = 4; lastKnownFileType = sourcecode.swift; name = ImageRequest.swift; path = "Gallery/Network objects/Requests/ImageRequest.swift"; sourceTree = SOURCE_ROOT; };
		1191741823D36E3700BE1214 /* TogglePhotoLikeRequest.swift */ = {isa = PBXFileReference; fileEncoding = 4; lastKnownFileType = sourcecode.swift; name = TogglePhotoLikeRequest.swift; path = "Gallery/Network objects/Requests/TogglePhotoLikeRequest.swift"; sourceTree = SOURCE_ROOT; };
		1191741923D36E3700BE1214 /* PagesNumberRequest.swift */ = {isa = PBXFileReference; fileEncoding = 4; lastKnownFileType = sourcecode.swift; name = PagesNumberRequest.swift; path = "Gallery/Network objects/Requests/PagesNumberRequest.swift"; sourceTree = SOURCE_ROOT; };
		1191742223D36E8300BE1214 /* AuthenticationStateProvider.swift */ = {isa = PBXFileReference; fileEncoding = 4; lastKnownFileType = sourcecode.swift; name = AuthenticationStateProvider.swift; path = "Gallery/Network objects/Protocols/AuthenticationStateProvider.swift"; sourceTree = SOURCE_ROOT; };
		1191742323D36E8300BE1214 /* NetworkRequest.swift */ = {isa = PBXFileReference; fileEncoding = 4; lastKnownFileType = sourcecode.swift; name = NetworkRequest.swift; path = "Gallery/Network objects/Protocols/NetworkRequest.swift"; sourceTree = SOURCE_ROOT; };
		1191742423D36E8300BE1214 /* UnsplashRequest.swift */ = {isa = PBXFileReference; fileEncoding = 4; lastKnownFileType = sourcecode.swift; name = UnsplashRequest.swift; path = "Gallery/Network objects/Protocols/UnsplashRequest.swift"; sourceTree = SOURCE_ROOT; };
		1191742523D36E8400BE1214 /* AuthenticationObserver.swift */ = {isa = PBXFileReference; fileEncoding = 4; lastKnownFileType = sourcecode.swift; name = AuthenticationObserver.swift; path = "Gallery/Network objects/Protocols/AuthenticationObserver.swift"; sourceTree = SOURCE_ROOT; };
		1191742623D36E8400BE1214 /* PaginalRequest.swift */ = {isa = PBXFileReference; fileEncoding = 4; lastKnownFileType = sourcecode.swift; name = PaginalRequest.swift; path = "Gallery/Network objects/Protocols/PaginalRequest.swift"; sourceTree = SOURCE_ROOT; };
		1191743D23D36EF200BE1214 /* SearchPhotoCollectionsResult.swift */ = {isa = PBXFileReference; fileEncoding = 4; lastKnownFileType = sourcecode.swift; name = SearchPhotoCollectionsResult.swift; path = "Gallery/Network objects/SearchPhotoCollectionsResult.swift"; sourceTree = SOURCE_ROOT; };
		1191743E23D36EF200BE1214 /* User.swift */ = {isa = PBXFileReference; fileEncoding = 4; lastKnownFileType = sourcecode.swift; name = User.swift; path = "Gallery/Network objects/User.swift"; sourceTree = SOURCE_ROOT; };
		1191743F23D36EF200BE1214 /* Photo.swift */ = {isa = PBXFileReference; fileEncoding = 4; lastKnownFileType = sourcecode.swift; name = Photo.swift; path = "Gallery/Network objects/Photo.swift"; sourceTree = SOURCE_ROOT; };
		1191744023D36EF200BE1214 /* RequestError.swift */ = {isa = PBXFileReference; fileEncoding = 4; lastKnownFileType = sourcecode.swift; name = RequestError.swift; path = "Gallery/Network objects/RequestError.swift"; sourceTree = SOURCE_ROOT; };
		1191744123D36EF200BE1214 /* SearchPhotosResult.swift */ = {isa = PBXFileReference; fileEncoding = 4; lastKnownFileType = sourcecode.swift; name = SearchPhotosResult.swift; path = "Gallery/Network objects/SearchPhotosResult.swift"; sourceTree = SOURCE_ROOT; };
		1191744223D36EF300BE1214 /* UnsplashAPI.swift */ = {isa = PBXFileReference; fileEncoding = 4; lastKnownFileType = sourcecode.swift; name = UnsplashAPI.swift; path = "Gallery/Network objects/UnsplashAPI.swift"; sourceTree = SOURCE_ROOT; };
		1191744323D36EF300BE1214 /* AuthenticatedUserData.swift */ = {isa = PBXFileReference; fileEncoding = 4; lastKnownFileType = sourcecode.swift; name = AuthenticatedUserData.swift; path = "Gallery/Network objects/AuthenticatedUserData.swift"; sourceTree = SOURCE_ROOT; };
		1191744423D36EF300BE1214 /* EditableUserData.swift */ = {isa = PBXFileReference; fileEncoding = 4; lastKnownFileType = sourcecode.swift; name = EditableUserData.swift; path = "Gallery/Network objects/EditableUserData.swift"; sourceTree = SOURCE_ROOT; };
		1191744523D36EF300BE1214 /* PhotoCollection.swift */ = {isa = PBXFileReference; fileEncoding = 4; lastKnownFileType = sourcecode.swift; name = PhotoCollection.swift; path = "Gallery/Network objects/PhotoCollection.swift"; sourceTree = SOURCE_ROOT; };
		11A2220D23D7235600D8706C /* NibLoadableView.swift */ = {isa = PBXFileReference; fileEncoding = 4; lastKnownFileType = sourcecode.swift; path = NibLoadableView.swift; sourceTree = "<group>"; };
		11A2221223D76BF500D8706C /* CollectionOfPhotosCollectionViewCell.swift */ = {isa = PBXFileReference; fileEncoding = 4; lastKnownFileType = sourcecode.swift; path = CollectionOfPhotosCollectionViewCell.swift; sourceTree = "<group>"; };
		11A2221323D76BF500D8706C /* CollectionsOfPhotosViewController.swift */ = {isa = PBXFileReference; fileEncoding = 4; lastKnownFileType = sourcecode.swift; path = CollectionsOfPhotosViewController.swift; sourceTree = "<group>"; };
		11B488DD23D9CB220004DFB4 /* CollectionsOfPhotosDataSource.swift */ = {isa = PBXFileReference; lastKnownFileType = sourcecode.swift; path = CollectionsOfPhotosDataSource.swift; sourceTree = "<group>"; };
		11D9B80223CE123700C35060 /* PhotosDataSource.swift */ = {isa = PBXFileReference; lastKnownFileType = sourcecode.swift; path = PhotosDataSource.swift; sourceTree = "<group>"; };
		11E626D423CE1B20003BCE4F /* FullScreenCollectionViewCell.swift */ = {isa = PBXFileReference; lastKnownFileType = sourcecode.swift; path = FullScreenCollectionViewCell.swift; sourceTree = "<group>"; };
		11FD5CC522DCE4C400840D01 /* EditProfileViewController.swift */ = {isa = PBXFileReference; lastKnownFileType = sourcecode.swift; path = EditProfileViewController.swift; sourceTree = "<group>"; };
		11FD5CC722DCEBC600840D01 /* UITableView+extension.swift */ = {isa = PBXFileReference; fileEncoding = 4; lastKnownFileType = sourcecode.swift; path = "UITableView+extension.swift"; sourceTree = "<group>"; };
		11FD5CC922DDB02600840D01 /* EditProfileTableViewCell.swift */ = {isa = PBXFileReference; lastKnownFileType = sourcecode.swift; path = EditProfileTableViewCell.swift; sourceTree = "<group>"; };
		192437F3C06AB46B0B9A8AFC /* Pods-Gallery.release.xcconfig */ = {isa = PBXFileReference; includeInIndex = 1; lastKnownFileType = text.xcconfig; name = "Pods-Gallery.release.xcconfig"; path = "Pods/Target Support Files/Pods-Gallery/Pods-Gallery.release.xcconfig"; sourceTree = "<group>"; };
		3D5FB29D21B7DB1D0095EE9A /* UIBarButtonItem.swift */ = {isa = PBXFileReference; lastKnownFileType = sourcecode.swift; path = UIBarButtonItem.swift; sourceTree = "<group>"; };
		3D638F3F212AAC5A00386C4F /* UIViewController.swift */ = {isa = PBXFileReference; lastKnownFileType = sourcecode.swift; path = UIViewController.swift; sourceTree = "<group>"; };
		3D772C6320B8E93F00F3DC48 /* Gallery.app */ = {isa = PBXFileReference; explicitFileType = wrapper.application; includeInIndex = 0; path = Gallery.app; sourceTree = BUILT_PRODUCTS_DIR; };
		3D772C6620B8E93F00F3DC48 /* AppDelegate.swift */ = {isa = PBXFileReference; lastKnownFileType = sourcecode.swift; path = AppDelegate.swift; sourceTree = "<group>"; };
		3D772C6D20B8E94200F3DC48 /* Assets.xcassets */ = {isa = PBXFileReference; lastKnownFileType = folder.assetcatalog; path = Assets.xcassets; sourceTree = "<group>"; };
		3D772C7020B8E94200F3DC48 /* Base */ = {isa = PBXFileReference; lastKnownFileType = file.storyboard; name = Base; path = Base.lproj/LaunchScreen.storyboard; sourceTree = "<group>"; };
		3D772C7220B8E94200F3DC48 /* Info.plist */ = {isa = PBXFileReference; lastKnownFileType = text.plist.xml; path = Info.plist; sourceTree = "<group>"; };
		3D772CA820B8EA2E00F3DC48 /* ImageCollectionViewCell.swift */ = {isa = PBXFileReference; fileEncoding = 4; lastKnownFileType = sourcecode.swift; path = ImageCollectionViewCell.swift; sourceTree = "<group>"; };
		3D772CAE20B8EA4200F3DC48 /* StringIdentifiable.swift */ = {isa = PBXFileReference; fileEncoding = 4; lastKnownFileType = sourcecode.swift; path = StringIdentifiable.swift; sourceTree = "<group>"; };
		3D9C6D07217A6C3F00D59D36 /* TilesCollectionViewLayout.swift */ = {isa = PBXFileReference; lastKnownFileType = sourcecode.swift; path = TilesCollectionViewLayout.swift; sourceTree = "<group>"; };
		3D9C6D09217A793500D59D36 /* TilesLayoutFrameCalculator.swift */ = {isa = PBXFileReference; lastKnownFileType = sourcecode.swift; path = TilesLayoutFrameCalculator.swift; sourceTree = "<group>"; };
		3DBC2C5121E019EA004DE7F1 /* UIColor.swift */ = {isa = PBXFileReference; lastKnownFileType = sourcecode.swift; path = UIColor.swift; sourceTree = "<group>"; };
		3DCDB58120B9E439006297A4 /* UICollectionView.swift */ = {isa = PBXFileReference; fileEncoding = 4; lastKnownFileType = sourcecode.swift; path = UICollectionView.swift; sourceTree = "<group>"; };
		3DCDB58320B9ED66006297A4 /* CollectionViewLoadingFooter.swift */ = {isa = PBXFileReference; lastKnownFileType = sourcecode.swift; path = CollectionViewLoadingFooter.swift; sourceTree = "<group>"; };
		3DCDB58520B9F624006297A4 /* SegueHandlerType.swift */ = {isa = PBXFileReference; fileEncoding = 4; lastKnownFileType = sourcecode.swift; path = SegueHandlerType.swift; sourceTree = "<group>"; };
		97636FD1D002A864623F06DF /* Pods_Gallery.framework */ = {isa = PBXFileReference; explicitFileType = wrapper.framework; includeInIndex = 0; path = Pods_Gallery.framework; sourceTree = BUILT_PRODUCTS_DIR; };
/* End PBXFileReference section */

/* Begin PBXFrameworksBuildPhase section */
		3D772C6020B8E93F00F3DC48 /* Frameworks */ = {
			isa = PBXFrameworksBuildPhase;
			buildActionMask = 2147483647;
			files = (
				D3132FF43DB7EF63D8689271 /* Pods_Gallery.framework in Frameworks */,
			);
			runOnlyForDeploymentPostprocessing = 0;
		};
/* End PBXFrameworksBuildPhase section */

/* Begin PBXGroup section */
		0B42F1D375DCA68C9091BD65 /* Pods */ = {
			isa = PBXGroup;
			children = (
				01925D8A1577130F806ABC43 /* Pods-Gallery.debug.xcconfig */,
				192437F3C06AB46B0B9A8AFC /* Pods-Gallery.release.xcconfig */,
			);
			name = Pods;
			sourceTree = "<group>";
		};
		1107BD7A23CE0E0500B875A5 /* Model Controllers */ = {
			isa = PBXGroup;
			children = (
				1122B83123C9CD5A00916022 /* PhotosModelController.swift */,
			);
			path = "Model Controllers";
			sourceTree = "<group>";
		};
		110E389222CE01B2007C0933 /* Storyboards */ = {
			isa = PBXGroup;
			children = (
				11300CF223D61EAC00FC4912 /* ProfileTab.storyboard */,
			);
			path = Storyboards;
			sourceTree = "<group>";
		};
		113E9FD622EEE13A00AF3AA7 /* View Controllers */ = {
			isa = PBXGroup;
			children = (
				11A2221323D76BF500D8706C /* CollectionsOfPhotosViewController.swift */,
			);
			path = "View Controllers";
			sourceTree = "<group>";
		};
		114300F223D98E6E0088A887 /* Layout */ = {
			isa = PBXGroup;
			children = (
				11645CD423D88088001FFCE3 /* CollectionsOfPhotosCollectionViewLayout.swift */,
			);
			path = Layout;
			sourceTree = "<group>";
		};
		114300F323D98E7E0088A887 /* Model Controllers */ = {
			isa = PBXGroup;
			children = (
				11645CD223D85925001FFCE3 /* CollectionsOfPhotosModelController.swift */,
			);
			path = "Model Controllers";
			sourceTree = "<group>";
		};
		1152898A22D8BE5800D5AE82 /* Protocols */ = {
			isa = PBXGroup;
			children = (
				1191742523D36E8400BE1214 /* AuthenticationObserver.swift */,
				1191742223D36E8300BE1214 /* AuthenticationStateProvider.swift */,
				1191742323D36E8300BE1214 /* NetworkRequest.swift */,
				1191742623D36E8400BE1214 /* PaginalRequest.swift */,
				1191742423D36E8300BE1214 /* UnsplashRequest.swift */,
			);
			path = Protocols;
			sourceTree = "<group>";
		};
		118C0E1A22E11C6700395509 /* Controllers */ = {
			isa = PBXGroup;
			children = (
				1191740D23D36E2800BE1214 /* AuthenticationController.swift */,
				1191740C23D36E2800BE1214 /* NetworkService.swift */,
				1191740E23D36E2800BE1214 /* PaginalContentLoader.swift */,
			);
			path = Controllers;
			sourceTree = "<group>";
		};
		118C0E1B22E11CDE00395509 /* Photos Tab */ = {
			isa = PBXGroup;
			children = (
				11300CF023D5CD9200FC4912 /* PhotosFlowController.swift */,
				11D9B80123CE122700C35060 /* Protocols */,
				1107BD7A23CE0E0500B875A5 /* Model Controllers */,
				3DEC5BE6217AF7FE00AD6330 /* Layout */,
				118C0E1D22E11D1500395509 /* Views */,
				118C0E1C22E11CE500395509 /* View Controllers */,
			);
			path = "Photos Tab";
			sourceTree = "<group>";
		};
		118C0E1C22E11CE500395509 /* View Controllers */ = {
			isa = PBXGroup;
			children = (
				11300CEC23D594F100FC4912 /* PhotosBaseViewController.swift */,
				11300CEA23D594E300FC4912 /* TilesPhotosViewController.swift */,
				1107BD7B23CE0F0B00B875A5 /* FullScreenPhotosViewController.swift */,
			);
			path = "View Controllers";
			sourceTree = "<group>";
		};
		118C0E1D22E11D1500395509 /* Views */ = {
			isa = PBXGroup;
			children = (
				3D772CA820B8EA2E00F3DC48 /* ImageCollectionViewCell.swift */,
				110600B423DAEF8D00752E06 /* RoundedImageCollectionViewCell.swift */,
				11E626D423CE1B20003BCE4F /* FullScreenCollectionViewCell.swift */,
				3DCDB58320B9ED66006297A4 /* CollectionViewLoadingFooter.swift */,
			);
			path = Views;
			sourceTree = "<group>";
		};
		118C0E1F22E11D6C00395509 /* Profile Tab */ = {
			isa = PBXGroup;
			children = (
				3D772CB420B8EA7100F3DC48 /* Views */,
				3D30DFFC21BA5E46002EF119 /* View Controllers */,
			);
			path = "Profile Tab";
			sourceTree = "<group>";
		};
		118C0E2022E11DAF00395509 /* UIKit extenssions */ = {
			isa = PBXGroup;
			children = (
				3DBC2C5121E019EA004DE7F1 /* UIColor.swift */,
				3D638F3F212AAC5A00386C4F /* UIViewController.swift */,
				11FD5CC722DCEBC600840D01 /* UITableView+extension.swift */,
				3DCDB58120B9E439006297A4 /* UICollectionView.swift */,
				3D5FB29D21B7DB1D0095EE9A /* UIBarButtonItem.swift */,
				1151C6F322D7276100F3B657 /* UIStoryboard.swift */,
			);
			path = "UIKit extenssions";
			sourceTree = "<group>";
		};
		118C0E2122E11DC700395509 /* Protocols */ = {
			isa = PBXGroup;
			children = (
				11A2220D23D7235600D8706C /* NibLoadableView.swift */,
				3D772CAE20B8EA4200F3DC48 /* StringIdentifiable.swift */,
				3DCDB58520B9F624006297A4 /* SegueHandlerType.swift */,
			);
			path = Protocols;
			sourceTree = "<group>";
		};
		118C0E2622E126C800395509 /* Collections Tab */ = {
			isa = PBXGroup;
			children = (
				112D8B8C23D8AB1F00FF8805 /* CollectionsOfPhotosFlowController.swift */,
				11B488DC23D9CB160004DFB4 /* Protocols */,
				114300F323D98E7E0088A887 /* Model Controllers */,
				114300F223D98E6E0088A887 /* Layout */,
				11C1D9DE22EADA7B006A79D9 /* Views */,
				113E9FD622EEE13A00AF3AA7 /* View Controllers */,
			);
			path = "Collections Tab";
			sourceTree = "<group>";
		};
		1191744F23D36EFF00BE1214 /* Models */ = {
			isa = PBXGroup;
			children = (
				1191744323D36EF300BE1214 /* AuthenticatedUserData.swift */,
				1191744423D36EF300BE1214 /* EditableUserData.swift */,
				1191743F23D36EF200BE1214 /* Photo.swift */,
				1191744523D36EF300BE1214 /* PhotoCollection.swift */,
				1191744023D36EF200BE1214 /* RequestError.swift */,
				1191743D23D36EF200BE1214 /* SearchPhotoCollectionsResult.swift */,
				1191744123D36EF200BE1214 /* SearchPhotosResult.swift */,
				1191743E23D36EF200BE1214 /* User.swift */,
			);
			path = Models;
			sourceTree = "<group>";
		};
		11B0AF0D22EF20B400D5E6E1 /* General objects */ = {
			isa = PBXGroup;
			children = (
				11B488E023D9CEC30004DFB4 /* Protocols */,
				11B488DF23D9CBA50004DFB4 /* Model Controllers */,
				11B0AF0E22EF20C400D5E6E1 /* View Contorllers */,
			);
			path = "General objects";
			sourceTree = "<group>";
		};
		11B0AF0E22EF20C400D5E6E1 /* View Contorllers */ = {
			isa = PBXGroup;
			children = (
				1100DBD222CCF06F0022E653 /* GalleryRootViewController.swift */,
			);
			path = "View Contorllers";
			sourceTree = "<group>";
		};
		11B488DC23D9CB160004DFB4 /* Protocols */ = {
			isa = PBXGroup;
			children = (
				11B488DD23D9CB220004DFB4 /* CollectionsOfPhotosDataSource.swift */,
			);
			path = Protocols;
			sourceTree = "<group>";
		};
		11B488DF23D9CBA50004DFB4 /* Model Controllers */ = {
			isa = PBXGroup;
			children = (
				114300F423D9C12B0088A887 /* UnsplashItemsModelController.swift */,
			);
			path = "Model Controllers";
			sourceTree = "<group>";
		};
		11B488E023D9CEC30004DFB4 /* Protocols */ = {
			isa = PBXGroup;
			children = (
				11300CEE23D5C84000FC4912 /* UnsplashItemsLoadingObserver.swift */,
				110600B223DACD1600752E06 /* NetworkImagePresenter.swift */,
				110600B623DAF77600752E06 /* LoadingFooterPresenter.swift */,
			);
			path = Protocols;
			sourceTree = "<group>";
		};
		11C1D9DE22EADA7B006A79D9 /* Views */ = {
			isa = PBXGroup;
			children = (
				11A2221223D76BF500D8706C /* CollectionOfPhotosCollectionViewCell.swift */,
			);
			path = Views;
			sourceTree = "<group>";
		};
		11D9B80123CE122700C35060 /* Protocols */ = {
			isa = PBXGroup;
			children = (
				11D9B80223CE123700C35060 /* PhotosDataSource.swift */,
			);
			path = Protocols;
			sourceTree = "<group>";
		};
		3D30DFFC21BA5E46002EF119 /* View Controllers */ = {
			isa = PBXGroup;
			children = (
				1100DBD022CCE9020022E653 /* ProfileTabViewController.swift */,
				110E389322CF1E4D007C0933 /* ProfileTableViewController.swift */,
				11FD5CC522DCE4C400840D01 /* EditProfileViewController.swift */,
			);
			path = "View Controllers";
			sourceTree = "<group>";
		};
		3D772C5A20B8E93F00F3DC48 = {
			isa = PBXGroup;
			children = (
				11364EE623956E7400A0C334 /* README.md */,
				3D772C6520B8E93F00F3DC48 /* Gallery */,
				3D772C6420B8E93F00F3DC48 /* Products */,
				0B42F1D375DCA68C9091BD65 /* Pods */,
				56B5BA83CADD85B1C909232F /* Frameworks */,
			);
			sourceTree = "<group>";
		};
		3D772C6420B8E93F00F3DC48 /* Products */ = {
			isa = PBXGroup;
			children = (
				3D772C6320B8E93F00F3DC48 /* Gallery.app */,
			);
			name = Products;
			sourceTree = "<group>";
		};
		3D772C6520B8E93F00F3DC48 /* Gallery */ = {
			isa = PBXGroup;
			children = (
				3D772C6620B8E93F00F3DC48 /* AppDelegate.swift */,
				3DEC5BE8217AF87800AD6330 /* Network objects */,
				11B0AF0D22EF20B400D5E6E1 /* General objects */,
				118C0E1B22E11CDE00395509 /* Photos Tab */,
				118C0E2622E126C800395509 /* Collections Tab */,
				118C0E1F22E11D6C00395509 /* Profile Tab */,
				110E389222CE01B2007C0933 /* Storyboards */,
				3D81AABC20BBC144009B2660 /* Helpers */,
				3D772C6D20B8E94200F3DC48 /* Assets.xcassets */,
				3D772C7220B8E94200F3DC48 /* Info.plist */,
				3D772C6F20B8E94200F3DC48 /* LaunchScreen.storyboard */,
			);
			path = Gallery;
			sourceTree = "<group>";
		};
		3D772CB420B8EA7100F3DC48 /* Views */ = {
			isa = PBXGroup;
			children = (
				11FD5CC922DDB02600840D01 /* EditProfileTableViewCell.swift */,
			);
			path = Views;
			sourceTree = "<group>";
		};
		3D81AABC20BBC144009B2660 /* Helpers */ = {
			isa = PBXGroup;
			children = (
				118C0E2122E11DC700395509 /* Protocols */,
				118C0E2022E11DAF00395509 /* UIKit extenssions */,
			);
			path = Helpers;
			sourceTree = "<group>";
		};
		3DCDB57C20B99376006297A4 /* Requests */ = {
			isa = PBXGroup;
			children = (
				1191741223D36E3700BE1214 /* EditUserRequest.swift */,
				1191741723D36E3700BE1214 /* ImageRequest.swift */,
				1191741923D36E3700BE1214 /* PagesNumberRequest.swift */,
				1191741423D36E3700BE1214 /* PhotoListRequest.swift */,
				1191741523D36E3700BE1214 /* PhotoCollectionListRequest.swift */,
				1191741823D36E3700BE1214 /* TogglePhotoLikeRequest.swift */,
				1191741323D36E3700BE1214 /* UnsplashAccessTokenRequest.swift */,
				1191741623D36E3700BE1214 /* UserRequest.swift */,
			);
			path = Requests;
			sourceTree = "<group>";
		};
		3DEC5BE6217AF7FE00AD6330 /* Layout */ = {
			isa = PBXGroup;
			children = (
				3D9C6D07217A6C3F00D59D36 /* TilesCollectionViewLayout.swift */,
				3D9C6D09217A793500D59D36 /* TilesLayoutFrameCalculator.swift */,
				119172E723CB721C00DEFCB3 /* FullScreenPhotosCollectionViewLayout.swift */,
			);
			path = Layout;
			sourceTree = "<group>";
		};
		3DEC5BE8217AF87800AD6330 /* Network objects */ = {
			isa = PBXGroup;
			children = (
				1191744223D36EF300BE1214 /* UnsplashAPI.swift */,
				1152898A22D8BE5800D5AE82 /* Protocols */,
				3DCDB57C20B99376006297A4 /* Requests */,
				1191744F23D36EFF00BE1214 /* Models */,
				118C0E1A22E11C6700395509 /* Controllers */,
			);
			name = "Network objects";
			path = "Models/Network objects";
			sourceTree = "<group>";
		};
		56B5BA83CADD85B1C909232F /* Frameworks */ = {
			isa = PBXGroup;
			children = (
				97636FD1D002A864623F06DF /* Pods_Gallery.framework */,
			);
			name = Frameworks;
			sourceTree = "<group>";
		};
/* End PBXGroup section */

/* Begin PBXNativeTarget section */
		3D772C6220B8E93F00F3DC48 /* Gallery */ = {
			isa = PBXNativeTarget;
			buildConfigurationList = 3D772C7520B8E94200F3DC48 /* Build configuration list for PBXNativeTarget "Gallery" */;
			buildPhases = (
				2EA3C383DDF7063C3B9766F9 /* [CP] Check Pods Manifest.lock */,
				3D772C5F20B8E93F00F3DC48 /* Sources */,
				3D772C6020B8E93F00F3DC48 /* Frameworks */,
				3D772C6120B8E93F00F3DC48 /* Resources */,
				CEDE8E5E2FEA2843441BDB0B /* [CP] Embed Pods Frameworks */,
			);
			buildRules = (
			);
			dependencies = (
			);
			name = Gallery;
			productName = Gallery;
			productReference = 3D772C6320B8E93F00F3DC48 /* Gallery.app */;
			productType = "com.apple.product-type.application";
		};
/* End PBXNativeTarget section */

/* Begin PBXProject section */
		3D772C5B20B8E93F00F3DC48 /* Project object */ = {
			isa = PBXProject;
			attributes = {
				LastSwiftUpdateCheck = 0930;
				LastUpgradeCheck = 0930;
				ORGANIZATIONNAME = "Alexander Baraley";
				TargetAttributes = {
					3D772C6220B8E93F00F3DC48 = {
						CreatedOnToolsVersion = 9.3.1;
						LastSwiftMigration = 1020;
					};
				};
			};
			buildConfigurationList = 3D772C5E20B8E93F00F3DC48 /* Build configuration list for PBXProject "Gallery" */;
			compatibilityVersion = "Xcode 9.3";
			developmentRegion = en;
			hasScannedForEncodings = 0;
			knownRegions = (
				en,
				Base,
			);
			mainGroup = 3D772C5A20B8E93F00F3DC48;
			productRefGroup = 3D772C6420B8E93F00F3DC48 /* Products */;
			projectDirPath = "";
			projectRoot = "";
			targets = (
				3D772C6220B8E93F00F3DC48 /* Gallery */,
			);
		};
/* End PBXProject section */

/* Begin PBXResourcesBuildPhase section */
		3D772C6120B8E93F00F3DC48 /* Resources */ = {
			isa = PBXResourcesBuildPhase;
			buildActionMask = 2147483647;
			files = (
				11300CF323D61EAD00FC4912 /* ProfileTab.storyboard in Resources */,
				3D772C7120B8E94200F3DC48 /* LaunchScreen.storyboard in Resources */,
				11364EE723956E7400A0C334 /* README.md in Resources */,
				3D772C6E20B8E94200F3DC48 /* Assets.xcassets in Resources */,
			);
			runOnlyForDeploymentPostprocessing = 0;
		};
/* End PBXResourcesBuildPhase section */

/* Begin PBXShellScriptBuildPhase section */
		2EA3C383DDF7063C3B9766F9 /* [CP] Check Pods Manifest.lock */ = {
			isa = PBXShellScriptBuildPhase;
			buildActionMask = 2147483647;
			files = (
			);
			inputPaths = (
				"${PODS_PODFILE_DIR_PATH}/Podfile.lock",
				"${PODS_ROOT}/Manifest.lock",
			);
			name = "[CP] Check Pods Manifest.lock";
			outputPaths = (
				"$(DERIVED_FILE_DIR)/Pods-Gallery-checkManifestLockResult.txt",
			);
			runOnlyForDeploymentPostprocessing = 0;
			shellPath = /bin/sh;
			shellScript = "diff \"${PODS_PODFILE_DIR_PATH}/Podfile.lock\" \"${PODS_ROOT}/Manifest.lock\" > /dev/null\nif [ $? != 0 ] ; then\n    # print error to STDERR\n    echo \"error: The sandbox is not in sync with the Podfile.lock. Run 'pod install' or update your CocoaPods installation.\" >&2\n    exit 1\nfi\n# This output is used by Xcode 'outputs' to avoid re-running this script phase.\necho \"SUCCESS\" > \"${SCRIPT_OUTPUT_FILE_0}\"\n";
			showEnvVarsInLog = 0;
		};
		CEDE8E5E2FEA2843441BDB0B /* [CP] Embed Pods Frameworks */ = {
			isa = PBXShellScriptBuildPhase;
			buildActionMask = 2147483647;
			files = (
			);
			inputFileListPaths = (
				"${PODS_ROOT}/Target Support Files/Pods-Gallery/Pods-Gallery-frameworks-${CONFIGURATION}-input-files.xcfilelist",
			);
			name = "[CP] Embed Pods Frameworks";
			outputFileListPaths = (
				"${PODS_ROOT}/Target Support Files/Pods-Gallery/Pods-Gallery-frameworks-${CONFIGURATION}-output-files.xcfilelist",
			);
			runOnlyForDeploymentPostprocessing = 0;
			shellPath = /bin/sh;
			shellScript = "\"${PODS_ROOT}/Target Support Files/Pods-Gallery/Pods-Gallery-frameworks.sh\"\n";
			showEnvVarsInLog = 0;
		};
/* End PBXShellScriptBuildPhase section */

/* Begin PBXSourcesBuildPhase section */
		3D772C5F20B8E93F00F3DC48 /* Sources */ = {
			isa = PBXSourcesBuildPhase;
			buildActionMask = 2147483647;
			files = (
				1191744B23D36EF300BE1214 /* UnsplashAPI.swift in Sources */,
				1191741D23D36E3700BE1214 /* PhotoCollectionListRequest.swift in Sources */,
				11B488DE23D9CB220004DFB4 /* CollectionsOfPhotosDataSource.swift in Sources */,
				1191744A23D36EF300BE1214 /* SearchPhotosResult.swift in Sources */,
				3DCDB58220B9E43A006297A4 /* UICollectionView.swift in Sources */,
				11E626D523CE1B20003BCE4F /* FullScreenCollectionViewCell.swift in Sources */,
				112D8B8D23D8AB1F00FF8805 /* CollectionsOfPhotosFlowController.swift in Sources */,
				1100DBD322CCF06F0022E653 /* GalleryRootViewController.swift in Sources */,
				11FD5CC622DCE4C400840D01 /* EditProfileViewController.swift in Sources */,
				110E389422CF1E4D007C0933 /* ProfileTableViewController.swift in Sources */,
				1100DBD122CCE9020022E653 /* ProfileTabViewController.swift in Sources */,
				11645CD323D85925001FFCE3 /* CollectionsOfPhotosModelController.swift in Sources */,
				3D772C6720B8E93F00F3DC48 /* AppDelegate.swift in Sources */,
				1191742B23D36E8400BE1214 /* PaginalRequest.swift in Sources */,
				11300CEB23D594E400FC4912 /* TilesPhotosViewController.swift in Sources */,
				1191741E23D36E3700BE1214 /* UserRequest.swift in Sources */,
				1191742923D36E8400BE1214 /* UnsplashRequest.swift in Sources */,
				3D9C6D0A217A793500D59D36 /* TilesLayoutFrameCalculator.swift in Sources */,
				3DCDB58420B9ED66006297A4 /* CollectionViewLoadingFooter.swift in Sources */,
				11A2220E23D7235600D8706C /* NibLoadableView.swift in Sources */,
				3D9C6D08217A6C3F00D59D36 /* TilesCollectionViewLayout.swift in Sources */,
				1151C6F422D7276100F3B657 /* UIStoryboard.swift in Sources */,
				1191744C23D36EF300BE1214 /* AuthenticatedUserData.swift in Sources */,
				1191740F23D36E2800BE1214 /* NetworkService.swift in Sources */,
				110600B323DACD1600752E06 /* NetworkImagePresenter.swift in Sources */,
				3D772CAF20B8EA4200F3DC48 /* StringIdentifiable.swift in Sources */,
				1191742723D36E8400BE1214 /* AuthenticationStateProvider.swift in Sources */,
				110600B723DAF77600752E06 /* LoadingFooterPresenter.swift in Sources */,
				1191742823D36E8400BE1214 /* NetworkRequest.swift in Sources */,
				1122B83223C9CD5A00916022 /* PhotosModelController.swift in Sources */,
				1191744D23D36EF300BE1214 /* EditableUserData.swift in Sources */,
				1191744623D36EF300BE1214 /* SearchPhotoCollectionsResult.swift in Sources */,
				1191744E23D36EF300BE1214 /* PhotoCollection.swift in Sources */,
				1191741F23D36E3700BE1214 /* ImageRequest.swift in Sources */,
				1191742A23D36E8400BE1214 /* AuthenticationObserver.swift in Sources */,
				3DCDB58620B9F625006297A4 /* SegueHandlerType.swift in Sources */,
				3D5FB29E21B7DB1D0095EE9A /* UIBarButtonItem.swift in Sources */,
				1191744923D36EF300BE1214 /* RequestError.swift in Sources */,
				11FD5CC822DCEBC600840D01 /* UITableView+extension.swift in Sources */,
				1107BD7C23CE0F0B00B875A5 /* FullScreenPhotosViewController.swift in Sources */,
				3D772CA920B8EA2E00F3DC48 /* ImageCollectionViewCell.swift in Sources */,
				11300CED23D594F100FC4912 /* PhotosBaseViewController.swift in Sources */,
				11300CEF23D5C84000FC4912 /* UnsplashItemsLoadingObserver.swift in Sources */,
				1191742123D36E3700BE1214 /* PagesNumberRequest.swift in Sources */,
				1191741C23D36E3700BE1214 /* PhotoListRequest.swift in Sources */,
				11FD5CCA22DDB02600840D01 /* EditProfileTableViewCell.swift in Sources */,
				11645CD523D88088001FFCE3 /* CollectionsOfPhotosCollectionViewLayout.swift in Sources */,
				3D638F40212AAC5A00386C4F /* UIViewController.swift in Sources */,
				110600B523DAEF8D00752E06 /* RoundedImageCollectionViewCell.swift in Sources */,
				119172E823CB721C00DEFCB3 /* FullScreenPhotosCollectionViewLayout.swift in Sources */,
				11645CD623D882B4001FFCE3 /* CollectionsOfPhotosViewController.swift in Sources */,
				1191741023D36E2800BE1214 /* AuthenticationController.swift in Sources */,
				1191741123D36E2800BE1214 /* PaginalContentLoader.swift in Sources */,
				1191741A23D36E3700BE1214 /* EditUserRequest.swift in Sources */,
				11300CF123D5CD9200FC4912 /* PhotosFlowController.swift in Sources */,
				1191741B23D36E3700BE1214 /* UnsplashAccessTokenRequest.swift in Sources */,
				1191742023D36E3700BE1214 /* TogglePhotoLikeRequest.swift in Sources */,
				1191744823D36EF300BE1214 /* Photo.swift in Sources */,
				1118E7A723D7B0D40039B3AA /* CollectionOfPhotosCollectionViewCell.swift in Sources */,
				3DBC2C5221E019EA004DE7F1 /* UIColor.swift in Sources */,
				114300F523D9C12B0088A887 /* UnsplashItemsModelController.swift in Sources */,
				11D9B80323CE123700C35060 /* PhotosDataSource.swift in Sources */,
				1191744723D36EF300BE1214 /* User.swift in Sources */,
			);
			runOnlyForDeploymentPostprocessing = 0;
		};
/* End PBXSourcesBuildPhase section */

/* Begin PBXVariantGroup section */
		3D772C6F20B8E94200F3DC48 /* LaunchScreen.storyboard */ = {
			isa = PBXVariantGroup;
			children = (
				3D772C7020B8E94200F3DC48 /* Base */,
			);
			name = LaunchScreen.storyboard;
			sourceTree = "<group>";
		};
/* End PBXVariantGroup section */

/* Begin XCBuildConfiguration section */
		3D772C7320B8E94200F3DC48 /* Debug */ = {
			isa = XCBuildConfiguration;
			buildSettings = {
				ALWAYS_SEARCH_USER_PATHS = NO;
				CLANG_ANALYZER_NONNULL = YES;
				CLANG_ANALYZER_NUMBER_OBJECT_CONVERSION = YES_AGGRESSIVE;
				CLANG_CXX_LANGUAGE_STANDARD = "gnu++14";
				CLANG_CXX_LIBRARY = "libc++";
				CLANG_ENABLE_MODULES = YES;
				CLANG_ENABLE_OBJC_ARC = YES;
				CLANG_ENABLE_OBJC_WEAK = YES;
				CLANG_WARN_BLOCK_CAPTURE_AUTORELEASING = YES;
				CLANG_WARN_BOOL_CONVERSION = YES;
				CLANG_WARN_COMMA = YES;
				CLANG_WARN_CONSTANT_CONVERSION = YES;
				CLANG_WARN_DEPRECATED_OBJC_IMPLEMENTATIONS = YES;
				CLANG_WARN_DIRECT_OBJC_ISA_USAGE = YES_ERROR;
				CLANG_WARN_DOCUMENTATION_COMMENTS = YES;
				CLANG_WARN_EMPTY_BODY = YES;
				CLANG_WARN_ENUM_CONVERSION = YES;
				CLANG_WARN_INFINITE_RECURSION = YES;
				CLANG_WARN_INT_CONVERSION = YES;
				CLANG_WARN_NON_LITERAL_NULL_CONVERSION = YES;
				CLANG_WARN_OBJC_IMPLICIT_RETAIN_SELF = YES;
				CLANG_WARN_OBJC_LITERAL_CONVERSION = YES;
				CLANG_WARN_OBJC_ROOT_CLASS = YES_ERROR;
				CLANG_WARN_RANGE_LOOP_ANALYSIS = YES;
				CLANG_WARN_STRICT_PROTOTYPES = YES;
				CLANG_WARN_SUSPICIOUS_MOVE = YES;
				CLANG_WARN_UNGUARDED_AVAILABILITY = YES_AGGRESSIVE;
				CLANG_WARN_UNREACHABLE_CODE = YES;
				CLANG_WARN__DUPLICATE_METHOD_MATCH = YES;
				CODE_SIGN_IDENTITY = "iPhone Developer";
				COPY_PHASE_STRIP = NO;
				DEBUG_INFORMATION_FORMAT = dwarf;
				ENABLE_STRICT_OBJC_MSGSEND = YES;
				ENABLE_TESTABILITY = YES;
				GCC_C_LANGUAGE_STANDARD = gnu11;
				GCC_DYNAMIC_NO_PIC = NO;
				GCC_NO_COMMON_BLOCKS = YES;
				GCC_OPTIMIZATION_LEVEL = 0;
				GCC_PREPROCESSOR_DEFINITIONS = (
					"DEBUG=1",
					"$(inherited)",
				);
				GCC_WARN_64_TO_32_BIT_CONVERSION = YES;
				GCC_WARN_ABOUT_RETURN_TYPE = YES_ERROR;
				GCC_WARN_UNDECLARED_SELECTOR = YES;
				GCC_WARN_UNINITIALIZED_AUTOS = YES_AGGRESSIVE;
				GCC_WARN_UNUSED_FUNCTION = YES;
				GCC_WARN_UNUSED_VARIABLE = YES;
				IPHONEOS_DEPLOYMENT_TARGET = 12.0;
				MTL_ENABLE_DEBUG_INFO = YES;
				ONLY_ACTIVE_ARCH = YES;
				SDKROOT = iphoneos;
				SWIFT_ACTIVE_COMPILATION_CONDITIONS = DEBUG;
				SWIFT_OPTIMIZATION_LEVEL = "-Onone";
			};
			name = Debug;
		};
		3D772C7420B8E94200F3DC48 /* Release */ = {
			isa = XCBuildConfiguration;
			buildSettings = {
				ALWAYS_SEARCH_USER_PATHS = NO;
				CLANG_ANALYZER_NONNULL = YES;
				CLANG_ANALYZER_NUMBER_OBJECT_CONVERSION = YES_AGGRESSIVE;
				CLANG_CXX_LANGUAGE_STANDARD = "gnu++14";
				CLANG_CXX_LIBRARY = "libc++";
				CLANG_ENABLE_MODULES = YES;
				CLANG_ENABLE_OBJC_ARC = YES;
				CLANG_ENABLE_OBJC_WEAK = YES;
				CLANG_WARN_BLOCK_CAPTURE_AUTORELEASING = YES;
				CLANG_WARN_BOOL_CONVERSION = YES;
				CLANG_WARN_COMMA = YES;
				CLANG_WARN_CONSTANT_CONVERSION = YES;
				CLANG_WARN_DEPRECATED_OBJC_IMPLEMENTATIONS = YES;
				CLANG_WARN_DIRECT_OBJC_ISA_USAGE = YES_ERROR;
				CLANG_WARN_DOCUMENTATION_COMMENTS = YES;
				CLANG_WARN_EMPTY_BODY = YES;
				CLANG_WARN_ENUM_CONVERSION = YES;
				CLANG_WARN_INFINITE_RECURSION = YES;
				CLANG_WARN_INT_CONVERSION = YES;
				CLANG_WARN_NON_LITERAL_NULL_CONVERSION = YES;
				CLANG_WARN_OBJC_IMPLICIT_RETAIN_SELF = YES;
				CLANG_WARN_OBJC_LITERAL_CONVERSION = YES;
				CLANG_WARN_OBJC_ROOT_CLASS = YES_ERROR;
				CLANG_WARN_RANGE_LOOP_ANALYSIS = YES;
				CLANG_WARN_STRICT_PROTOTYPES = YES;
				CLANG_WARN_SUSPICIOUS_MOVE = YES;
				CLANG_WARN_UNGUARDED_AVAILABILITY = YES_AGGRESSIVE;
				CLANG_WARN_UNREACHABLE_CODE = YES;
				CLANG_WARN__DUPLICATE_METHOD_MATCH = YES;
				CODE_SIGN_IDENTITY = "iPhone Developer";
				COPY_PHASE_STRIP = NO;
				DEBUG_INFORMATION_FORMAT = "dwarf-with-dsym";
				ENABLE_NS_ASSERTIONS = NO;
				ENABLE_STRICT_OBJC_MSGSEND = YES;
				GCC_C_LANGUAGE_STANDARD = gnu11;
				GCC_NO_COMMON_BLOCKS = YES;
				GCC_WARN_64_TO_32_BIT_CONVERSION = YES;
				GCC_WARN_ABOUT_RETURN_TYPE = YES_ERROR;
				GCC_WARN_UNDECLARED_SELECTOR = YES;
				GCC_WARN_UNINITIALIZED_AUTOS = YES_AGGRESSIVE;
				GCC_WARN_UNUSED_FUNCTION = YES;
				GCC_WARN_UNUSED_VARIABLE = YES;
				IPHONEOS_DEPLOYMENT_TARGET = 12.0;
				MTL_ENABLE_DEBUG_INFO = NO;
				SDKROOT = iphoneos;
				SWIFT_COMPILATION_MODE = wholemodule;
				SWIFT_OPTIMIZATION_LEVEL = "-O";
				VALIDATE_PRODUCT = YES;
			};
			name = Release;
		};
		3D772C7620B8E94200F3DC48 /* Debug */ = {
			isa = XCBuildConfiguration;
			baseConfigurationReference = 01925D8A1577130F806ABC43 /* Pods-Gallery.debug.xcconfig */;
			buildSettings = {
				ASSETCATALOG_COMPILER_APPICON_NAME = AppIcon;
				CODE_SIGN_IDENTITY = "iPhone Developer";
				CODE_SIGN_STYLE = Automatic;
				DEVELOPMENT_TEAM = A76X2FNZ47;
				INFOPLIST_FILE = Gallery/Info.plist;
				IPHONEOS_DEPLOYMENT_TARGET = 12.0;
				LD_RUNPATH_SEARCH_PATHS = (
					"$(inherited)",
					"@executable_path/Frameworks",
				);
				PRODUCT_BUNDLE_IDENTIFIER = my.app.Gallery;
				PRODUCT_NAME = "$(TARGET_NAME)";
				PROVISIONING_PROFILE_SPECIFIER = "";
				SWIFT_VERSION = 5.0;
				TARGETED_DEVICE_FAMILY = 1;
			};
			name = Debug;
		};
		3D772C7720B8E94200F3DC48 /* Release */ = {
			isa = XCBuildConfiguration;
			baseConfigurationReference = 192437F3C06AB46B0B9A8AFC /* Pods-Gallery.release.xcconfig */;
			buildSettings = {
				ASSETCATALOG_COMPILER_APPICON_NAME = AppIcon;
				CODE_SIGN_IDENTITY = "iPhone Developer";
				CODE_SIGN_STYLE = Automatic;
				DEVELOPMENT_TEAM = A76X2FNZ47;
				INFOPLIST_FILE = Gallery/Info.plist;
				IPHONEOS_DEPLOYMENT_TARGET = 12.0;
				LD_RUNPATH_SEARCH_PATHS = (
					"$(inherited)",
					"@executable_path/Frameworks",
				);
				PRODUCT_BUNDLE_IDENTIFIER = my.app.Gallery;
				PRODUCT_NAME = "$(TARGET_NAME)";
				PROVISIONING_PROFILE_SPECIFIER = "";
				SWIFT_VERSION = 5.0;
				TARGETED_DEVICE_FAMILY = 1;
			};
			name = Release;
		};
/* End XCBuildConfiguration section */

/* Begin XCConfigurationList section */
		3D772C5E20B8E93F00F3DC48 /* Build configuration list for PBXProject "Gallery" */ = {
			isa = XCConfigurationList;
			buildConfigurations = (
				3D772C7320B8E94200F3DC48 /* Debug */,
				3D772C7420B8E94200F3DC48 /* Release */,
			);
			defaultConfigurationIsVisible = 0;
			defaultConfigurationName = Release;
		};
		3D772C7520B8E94200F3DC48 /* Build configuration list for PBXNativeTarget "Gallery" */ = {
			isa = XCConfigurationList;
			buildConfigurations = (
				3D772C7620B8E94200F3DC48 /* Debug */,
				3D772C7720B8E94200F3DC48 /* Release */,
			);
			defaultConfigurationIsVisible = 0;
			defaultConfigurationName = Release;
		};
/* End XCConfigurationList section */
	};
	rootObject = 3D772C5B20B8E93F00F3DC48 /* Project object */;
}
